Microsoft Visual Studio Solution File, Format Version 11.00
# Visual Studio 2010
Project("{FAE04EC0-301F-11D3-BF4B-00C04F79EFBC}") = "Q157926", "Q157926\Q157926.csproj", "{2C8FFE3C-9A86-4BB9-8E56-98E02D30E3F7}"
EndProject
Global
	GlobalSection(SolutionConfigurationPlatforms) = preSolution
		Debug|Any CPU = Debug|Any CPU
		Release|Any CPU = Release|Any CPU
	EndGlobalSection
	GlobalSection(ProjectConfigurationPlatforms) = postSolution
		{2C8FFE3C-9A86-4BB9-8E56-98E02D30E3F7}.Debug|Any CPU.ActiveCfg = Debug|Any CPU
		{2C8FFE3C-9A86-4BB9-8E56-98E02D30E3F7}.Debug|Any CPU.Build.0 = Debug|Any CPU
		{2C8FFE3C-9A86-4BB9-8E56-98E02D30E3F7}.Release|Any CPU.ActiveCfg = Release|Any CPU
		{2C8FFE3C-9A86-4BB9-8E56-98E02D30E3F7}.Release|Any CPU.Build.0 = Release|Any CPU
	EndGlobalSection
	GlobalSection(SolutionProperties) = preSolution
		HideSolutionNode = FALSE
	EndGlobalSection
EndGlobal
